
Microsoft Visual Studio Solution File, Format Version 12.00
# Visual Studio Version 17
VisualStudioVersion = 17.8.34511.84
MinimumVisualStudioVersion = 10.0.40219.1
Project("{FAE04EC0-301F-11D3-BF4B-00C04F79EFBC}") = "Wasleh", "Wasleh\Wasleh.csproj", "{F860B211-2C3E-4567-96D3-0EE8B193D8C1}"
EndProject
Global
	GlobalSection(SolutionConfigurationPlatforms) = preSolution
		Debug|Any CPU = Debug|Any CPU
		Release|Any CPU = Release|Any CPU
	EndGlobalSection
	GlobalSection(ProjectConfigurationPlatforms) = postSolution
		{F860B211-2C3E-4567-96D3-0EE8B193D8C1}.Debug|Any CPU.ActiveCfg = Debug|Any CPU
		{F860B211-2C3E-4567-96D3-0EE8B193D8C1}.Debug|Any CPU.Build.0 = Debug|Any CPU
		{F860B211-2C3E-4567-96D3-0EE8B193D8C1}.Release|Any CPU.ActiveCfg = Release|Any CPU
		{F860B211-2C3E-4567-96D3-0EE8B193D8C1}.Release|Any CPU.Build.0 = Release|Any CPU
	EndGlobalSection
	GlobalSection(SolutionProperties) = preSolution
		HideSolutionNode = FALSE
	EndGlobalSection
	GlobalSection(ExtensibilityGlobals) = postSolution
		SolutionGuid = {CD8208BD-D293-4C6A-B38D-158FDD91ECEA}
	EndGlobalSection
EndGlobal
